# This file is automatically @generated by Cargo.
# It is not intended for manual editing.
[[package]]
name = "geoutils"
version = "0.2.0"
source = "registry+https://github.com/rust-lang/crates.io-index"

[[package]]
name = "rustrack"
version = "0.1.0"
dependencies = [
 "geoutils 0.2.0 (registry+https://github.com/rust-lang/crates.io-index)",
]

[metadata]
"checksum geoutils 0.2.0 (registry+https://github.com/rust-lang/crates.io-index)" = "2bffad6ff1dcc7a25876caa2cbcf1ad0b56ccfe482d6088eb409fcbcf774a93a"
